
Microsoft Visual Studio Solution File, Format Version 12.00
# Visual Studio Version 17
VisualStudioVersion = 17.4.33205.214
MinimumVisualStudioVersion = 10.0.40219.1
Project("{FAE04EC0-301F-11D3-BF4B-00C04F79EFBC}") = "ExampleWebApp", "ExampleWebApp.csproj", "{9717D8CB-E6DC-4D9F-BB30-2A933B726F64}"
EndProject
Project("{FAE04EC0-301F-11D3-BF4B-00C04F79EFBC}") = "ExampleWebApp.Tests", "..\ExampleWebApp.Tests\ExampleWebApp.Tests.csproj", "{192B82AA-09E5-4BBD-BF3B-C0E338F049F0}"
EndProject
Global
	GlobalSection(SolutionConfigurationPlatforms) = preSolution
		Debug|Any CPU = Debug|Any CPU
		Release|Any CPU = Release|Any CPU
	EndGlobalSection
	GlobalSection(ProjectConfigurationPlatforms) = postSolution
		{9717D8CB-E6DC-4D9F-BB30-2A933B726F64}.Debug|Any CPU.ActiveCfg = Debug|Any CPU
		{9717D8CB-E6DC-4D9F-BB30-2A933B726F64}.Debug|Any CPU.Build.0 = Debug|Any CPU
		{9717D8CB-E6DC-4D9F-BB30-2A933B726F64}.Release|Any CPU.ActiveCfg = Release|Any CPU
		{9717D8CB-E6DC-4D9F-BB30-2A933B726F64}.Release|Any CPU.Build.0 = Release|Any CPU
		{192B82AA-09E5-4BBD-BF3B-C0E338F049F0}.Debug|Any CPU.ActiveCfg = Debug|Any CPU
		{192B82AA-09E5-4BBD-BF3B-C0E338F049F0}.Debug|Any CPU.Build.0 = Debug|Any CPU
		{192B82AA-09E5-4BBD-BF3B-C0E338F049F0}.Release|Any CPU.ActiveCfg = Release|Any CPU
		{192B82AA-09E5-4BBD-BF3B-C0E338F049F0}.Release|Any CPU.Build.0 = Release|Any CPU
	EndGlobalSection
	GlobalSection(SolutionProperties) = preSolution
		HideSolutionNode = FALSE
	EndGlobalSection
	GlobalSection(ExtensibilityGlobals) = postSolution
		SolutionGuid = {89F2D080-3588-488A-ADE7-D4E5B18AF06B}
	EndGlobalSection
EndGlobal
